
Microsoft Visual Studio Solution File, Format Version 12.00
# Visual Studio Version 17
VisualStudioVersion = 17.3.32929.385
MinimumVisualStudioVersion = 10.0.40219.1
Project("{FAE04EC0-301F-11D3-BF4B-00C04F79EFBC}") = "Ex02", "DamkaProject\Ex02.csproj", "{288C246C-AF99-4EB8-B2C9-D82A2E58C910}"
EndProject
Global
	GlobalSection(SolutionConfigurationPlatforms) = preSolution
		Debug|Any CPU = Debug|Any CPU
		Release|Any CPU = Release|Any CPU
	EndGlobalSection
	GlobalSection(ProjectConfigurationPlatforms) = postSolution
		{288C246C-AF99-4EB8-B2C9-D82A2E58C910}.Debug|Any CPU.ActiveCfg = Debug|Any CPU
		{288C246C-AF99-4EB8-B2C9-D82A2E58C910}.Debug|Any CPU.Build.0 = Debug|Any CPU
		{288C246C-AF99-4EB8-B2C9-D82A2E58C910}.Release|Any CPU.ActiveCfg = Release|Any CPU
		{288C246C-AF99-4EB8-B2C9-D82A2E58C910}.Release|Any CPU.Build.0 = Release|Any CPU
	EndGlobalSection
	GlobalSection(SolutionProperties) = preSolution
		HideSolutionNode = FALSE
	EndGlobalSection
	GlobalSection(ExtensibilityGlobals) = postSolution
		SolutionGuid = {D889E323-2F6B-4615-9100-CFC209A726B1}
	EndGlobalSection
EndGlobal
